// !$*UTF8*$!
{
	archiveVersion = 1;
	classes = {
	};
	objectVersion = 46;
	objects = {

/* Begin PBXBuildFile section */
		0B0003781EB60DB100046B3A /* MyWord.swift in Sources */ = {isa = PBXBuildFile; fileRef = 0B0003771EB60DB100046B3A /* MyWord.swift */; };
		0B1866021ED4447300D0EEEA /* Foundation.framework in Frameworks */ = {isa = PBXBuildFile; fileRef = 0B1866011ED4447300D0EEEA /* Foundation.framework */; };
		0B2AEE061EBA776700E1A9F1 /* ocr.m in Sources */ = {isa = PBXBuildFile; fileRef = 0B2AEE051EBA776700E1A9F1 /* ocr.m */; };
		0B33ED131ED4981D00002A6A /* RankingViewController.swift in Sources */ = {isa = PBXBuildFile; fileRef = 0B33ED121ED4981D00002A6A /* RankingViewController.swift */; };
		0B38C6361EC4D55F00C3B140 /* PlayLogViewController.swift in Sources */ = {isa = PBXBuildFile; fileRef = 0B38C6351EC4D55F00C3B140 /* PlayLogViewController.swift */; };
		0B38C6381EC55C4B00C3B140 /* CustomViewController.swift in Sources */ = {isa = PBXBuildFile; fileRef = 0B38C6371EC55C4B00C3B140 /* CustomViewController.swift */; };
		0B38C63A1EC5665700C3B140 /* CustomCollectionViewCell.swift in Sources */ = {isa = PBXBuildFile; fileRef = 0B38C6391EC5665700C3B140 /* CustomCollectionViewCell.swift */; };
		0B38C63C1EC623C200C3B140 /* CustomTabBarController.swift in Sources */ = {isa = PBXBuildFile; fileRef = 0B38C63B1EC623C200C3B140 /* CustomTabBarController.swift */; };
		0B38C6401EC6B05700C3B140 /* CustomWordsViewController.swift in Sources */ = {isa = PBXBuildFile; fileRef = 0B38C63F1EC6B05700C3B140 /* CustomWordsViewController.swift */; };
		0B38C6421ECAC7F100C3B140 /* ZxlxViewController.swift in Sources */ = {isa = PBXBuildFile; fileRef = 0B38C6411ECAC7F100C3B140 /* ZxlxViewController.swift */; };
		0B38C6441ECBE58900C3B140 /* CommentViewController.swift in Sources */ = {isa = PBXBuildFile; fileRef = 0B38C6431ECBE58900C3B140 /* CommentViewController.swift */; };
		0B4606371EA14FAA0071FBEA /* INSDataStackContainer.swift in Sources */ = {isa = PBXBuildFile; fileRef = 0B4606331EA14FAA0071FBEA /* INSDataStackContainer.swift */; };
		0B4606381EA14FAA0071FBEA /* INSPersistentContainer.swift in Sources */ = {isa = PBXBuildFile; fileRef = 0B4606341EA14FAA0071FBEA /* INSPersistentContainer.swift */; };
		0B4606391EA14FAA0071FBEA /* INSPersistentStoreDescription.swift in Sources */ = {isa = PBXBuildFile; fileRef = 0B4606351EA14FAA0071FBEA /* INSPersistentStoreDescription.swift */; };
		0B46063A1EA14FAA0071FBEA /* NSManagedObjectContext+iOS10Additions.swift in Sources */ = {isa = PBXBuildFile; fileRef = 0B4606361EA14FAA0071FBEA /* NSManagedObjectContext+iOS10Additions.swift */; };
		0B46063D1EA14FD70071FBEA /* xxword.xcdatamodeld in Sources */ = {isa = PBXBuildFile; fileRef = 0B46063B1EA14FD70071FBEA /* xxword.xcdatamodeld */; };
		0B48CB0A1EB8A09800A05E65 /* YdWords.swift in Sources */ = {isa = PBXBuildFile; fileRef = 0B48CB091EB8A09800A05E65 /* YdWords.swift */; };
		0B4F04B41ECDA543004AEE1F /* ExamResultViewController.swift in Sources */ = {isa = PBXBuildFile; fileRef = 0B4F04B31ECDA543004AEE1F /* ExamResultViewController.swift */; };
		0B58FB0F1EC3077B006F56AE /* StudySetViewController.swift in Sources */ = {isa = PBXBuildFile; fileRef = 0B58FB0E1EC3077B006F56AE /* StudySetViewController.swift */; };
		0B6136551E9EA5DB00FF31F2 /* MyProtocol.swift in Sources */ = {isa = PBXBuildFile; fileRef = 0B6136541E9EA5DB00FF31F2 /* MyProtocol.swift */; };
		0B6136571E9F3A2600FF31F2 /* MyResponse.swift in Sources */ = {isa = PBXBuildFile; fileRef = 0B6136561E9F3A2600FF31F2 /* MyResponse.swift */; };
		0B6136591E9F3F3200FF31F2 /* MypbID.swift in Sources */ = {isa = PBXBuildFile; fileRef = 0B6136581E9F3F3200FF31F2 /* MypbID.swift */; };
		0B6C8E1B1E8F6E0D00D76B4E /* AppDelegate.swift in Sources */ = {isa = PBXBuildFile; fileRef = 0B6C8E1A1E8F6E0D00D76B4E /* AppDelegate.swift */; };
		0B6C8E1D1E8F6E0D00D76B4E /* ViewController.swift in Sources */ = {isa = PBXBuildFile; fileRef = 0B6C8E1C1E8F6E0D00D76B4E /* ViewController.swift */; };
		0B6C8E201E8F6E0D00D76B4E /* Main.storyboard in Resources */ = {isa = PBXBuildFile; fileRef = 0B6C8E1E1E8F6E0D00D76B4E /* Main.storyboard */; };
		0B6C8E221E8F6E0D00D76B4E /* Assets.xcassets in Resources */ = {isa = PBXBuildFile; fileRef = 0B6C8E211E8F6E0D00D76B4E /* Assets.xcassets */; };
		0B6C8E251E8F6E0D00D76B4E /* LaunchScreen.storyboard in Resources */ = {isa = PBXBuildFile; fileRef = 0B6C8E231E8F6E0D00D76B4E /* LaunchScreen.storyboard */; };
		0B9597041ECC6E0A00CA2916 /* MnksViewController.swift in Sources */ = {isa = PBXBuildFile; fileRef = 0B9597031ECC6E0A00CA2916 /* MnksViewController.swift */; };
		0B9597061ECC98E800CA2916 /* XxtjViewController.swift in Sources */ = {isa = PBXBuildFile; fileRef = 0B9597051ECC98E800CA2916 /* XxtjViewController.swift */; };
		0B9597081ECCA3B500CA2916 /* WordListViewController.swift in Sources */ = {isa = PBXBuildFile; fileRef = 0B9597071ECCA3B500CA2916 /* WordListViewController.swift */; };
		0B95970A1ECD2B9A00CA2916 /* KsxzViewController.swift in Sources */ = {isa = PBXBuildFile; fileRef = 0B9597091ECD2B9A00CA2916 /* KsxzViewController.swift */; };
		0B95970C1ECD52FA00CA2916 /* ExamLogViewController.swift in Sources */ = {isa = PBXBuildFile; fileRef = 0B95970B1ECD52FA00CA2916 /* ExamLogViewController.swift */; };
		0B95970E1ECD570300CA2916 /* WordExamViewController.swift in Sources */ = {isa = PBXBuildFile; fileRef = 0B95970D1ECD570300CA2916 /* WordExamViewController.swift */; };
		0B9597101ECD574900CA2916 /* ExamTabBarController.swift in Sources */ = {isa = PBXBuildFile; fileRef = 0B95970F1ECD574900CA2916 /* ExamTabBarController.swift */; };
		0B9597121ECD5C5600CA2916 /* ExamCollectionViewCell.swift in Sources */ = {isa = PBXBuildFile; fileRef = 0B9597111ECD5C5600CA2916 /* ExamCollectionViewCell.swift */; };
		0B9597141ECD62C900CA2916 /* ExamWordsViewController.swift in Sources */ = {isa = PBXBuildFile; fileRef = 0B9597131ECD62C900CA2916 /* ExamWordsViewController.swift */; };
		0B9A30301E9C9E690091D7B0 /* SignUpViewController.swift in Sources */ = {isa = PBXBuildFile; fileRef = 0B9A302F1E9C9E690091D7B0 /* SignUpViewController.swift */; };
		0BA4F0431ED0529D0044680E /* FavorListViewController.swift in Sources */ = {isa = PBXBuildFile; fileRef = 0BA4F0421ED0529D0044680E /* FavorListViewController.swift */; };
		0BCE0C1F1EAB97770049A01C /* HomeViewController.swift in Sources */ = {isa = PBXBuildFile; fileRef = 0BCE0C1E1EAB97770049A01C /* HomeViewController.swift */; };
		0BCE0C211EABAF780049A01C /* RootTabBarController.swift in Sources */ = {isa = PBXBuildFile; fileRef = 0BCE0C201EABAF780049A01C /* RootTabBarController.swift */; };
		0BCE0C231EABB22F0049A01C /* ShopViewController.swift in Sources */ = {isa = PBXBuildFile; fileRef = 0BCE0C221EABB22F0049A01C /* ShopViewController.swift */; };
		0BCE0C251EABB2AA0049A01C /* FavorViewController.swift in Sources */ = {isa = PBXBuildFile; fileRef = 0BCE0C241EABB2AA0049A01C /* FavorViewController.swift */; };
		0BCE0C271EACEA1D0049A01C /* MyColor.swift in Sources */ = {isa = PBXBuildFile; fileRef = 0BCE0C261EACEA1D0049A01C /* MyColor.swift */; };
		0BD067A01EAE1161000F975F /* SxlxViewController.swift in Sources */ = {isa = PBXBuildFile; fileRef = 0BD0679F1EAE1161000F975F /* SxlxViewController.swift */; };
		0BD067A21EB251A8000F975F /* StudyTabBarController.swift in Sources */ = {isa = PBXBuildFile; fileRef = 0BD067A11EB251A8000F975F /* StudyTabBarController.swift */; };
		0BD604751E9AA04F001F364B /* LoginViewController.swift in Sources */ = {isa = PBXBuildFile; fileRef = 0BD604741E9AA04F001F364B /* LoginViewController.swift */; };
		0BD6047A1E9BA09F001F364B /* BootstrapButton.swift in Sources */ = {isa = PBXBuildFile; fileRef = 0BD604791E9BA09F001F364B /* BootstrapButton.swift */; };
		0BD909CC1EBC886F007467F0 /* ocword.m in Sources */ = {isa = PBXBuildFile; fileRef = 0BD909CB1EBC886F007467F0 /* ocword.m */; };
		0BD909D11EBCA4D1007467F0 /* XxCollectionViewCell.swift in Sources */ = {isa = PBXBuildFile; fileRef = 0BD909D01EBCA4D1007467F0 /* XxCollectionViewCell.swift */; };
		0BD909D31EBCDD98007467F0 /* XxViewController.swift in Sources */ = {isa = PBXBuildFile; fileRef = 0BD909D21EBCDD98007467F0 /* XxViewController.swift */; };
		0BD909D51EC048CC007467F0 /* TipsSwift.swift in Sources */ = {isa = PBXBuildFile; fileRef = 0BD909D41EC048CC007467F0 /* TipsSwift.swift */; };
		0BD909D71EC0A835007467F0 /* WordsViewController.swift in Sources */ = {isa = PBXBuildFile; fileRef = 0BD909D61EC0A835007467F0 /* WordsViewController.swift */; };
		0BD909D91EC3005B007467F0 /* ShouCangViewController.swift in Sources */ = {isa = PBXBuildFile; fileRef = 0BD909D81EC3005B007467F0 /* ShouCangViewController.swift */; };
		0BE0E2421ED3D79100FA7F41 /* libUMessage_Sdk_1.5.0a.a in Frameworks */ = {isa = PBXBuildFile; fileRef = 0BE0E2401ED3D79100FA7F41 /* libUMessage_Sdk_1.5.0a.a */; };
		0BE0E2441ED403A700FA7F41 /* UserNotifications.framework in Frameworks */ = {isa = PBXBuildFile; fileRef = 0BE0E2431ED403A700FA7F41 /* UserNotifications.framework */; };
		0BF035191ED1610000E1CA45 /* MeViewController.swift in Sources */ = {isa = PBXBuildFile; fileRef = 0BF035181ED1610000E1CA45 /* MeViewController.swift */; };
		0BF0351B1ED1F32700E1CA45 /* ChangeNameViewController.swift in Sources */ = {isa = PBXBuildFile; fileRef = 0BF0351A1ED1F32700E1CA45 /* ChangeNameViewController.swift */; };
		0BF0351E1ED364C600E1CA45 /* StoreKit.framework in Frameworks */ = {isa = PBXBuildFile; fileRef = 0BF0351D1ED364C600E1CA45 /* StoreKit.framework */; };
		75AF06A683A708C84E55D089 /* Pods_xxword.framework in Frameworks */ = {isa = PBXBuildFile; fileRef = 228065594F704138570DAF96 /* Pods_xxword.framework */; };
/* End PBXBuildFile section */

/* Begin PBXFileReference section */
		0B0003771EB60DB100046B3A /* MyWord.swift */ = {isa = PBXFileReference; fileEncoding = 4; lastKnownFileType = sourcecode.swift; path = MyWord.swift; sourceTree = "<group>"; };
		0B1866011ED4447300D0EEEA /* Foundation.framework */ = {isa = PBXFileReference; lastKnownFileType = wrapper.framework; name = Foundation.framework; path = System/Library/Frameworks/Foundation.framework; sourceTree = SDKROOT; };
		0B1866031ED4447F00D0EEEA /* CoreTelephony.framework */ = {isa = PBXFileReference; lastKnownFileType = wrapper.framework; name = CoreTelephony.framework; path = System/Library/Frameworks/CoreTelephony.framework; sourceTree = SDKROOT; };
		0B1866051ED4449500D0EEEA /* libz.tbd */ = {isa = PBXFileReference; lastKnownFileType = "sourcecode.text-based-dylib-definition"; name = libz.tbd; path = usr/lib/libz.tbd; sourceTree = SDKROOT; };
		0B1866071ED444A500D0EEEA /* SystemConfiguration.framework */ = {isa = PBXFileReference; lastKnownFileType = wrapper.framework; name = SystemConfiguration.framework; path = System/Library/Frameworks/SystemConfiguration.framework; sourceTree = SDKROOT; };
		0B1866091ED444B000D0EEEA /* CoreLocation.framework */ = {isa = PBXFileReference; lastKnownFileType = wrapper.framework; name = CoreLocation.framework; path = System/Library/Frameworks/CoreLocation.framework; sourceTree = SDKROOT; };
		0B2AEE051EBA776700E1A9F1 /* ocr.m */ = {isa = PBXFileReference; fileEncoding = 4; lastKnownFileType = sourcecode.c.objc; path = ocr.m; sourceTree = "<group>"; };
		0B2AEE071EBA777500E1A9F1 /* ocr.h */ = {isa = PBXFileReference; lastKnownFileType = sourcecode.c.h; path = ocr.h; sourceTree = "<group>"; };
		0B33ED121ED4981D00002A6A /* RankingViewController.swift */ = {isa = PBXFileReference; fileEncoding = 4; lastKnownFileType = sourcecode.swift; path = RankingViewController.swift; sourceTree = "<group>"; };
		0B38C6351EC4D55F00C3B140 /* PlayLogViewController.swift */ = {isa = PBXFileReference; fileEncoding = 4; lastKnownFileType = sourcecode.swift; path = PlayLogViewController.swift; sourceTree = "<group>"; };
		0B38C6371EC55C4B00C3B140 /* CustomViewController.swift */ = {isa = PBXFileReference; fileEncoding = 4; lastKnownFileType = sourcecode.swift; path = CustomViewController.swift; sourceTree = "<group>"; };
		0B38C6391EC5665700C3B140 /* CustomCollectionViewCell.swift */ = {isa = PBXFileReference; fileEncoding = 4; lastKnownFileType = sourcecode.swift; path = CustomCollectionViewCell.swift; sourceTree = "<group>"; };
		0B38C63B1EC623C200C3B140 /* CustomTabBarController.swift */ = {isa = PBXFileReference; fileEncoding = 4; lastKnownFileType = sourcecode.swift; path = CustomTabBarController.swift; sourceTree = "<group>"; };
		0B38C63F1EC6B05700C3B140 /* CustomWordsViewController.swift */ = {isa = PBXFileReference; fileEncoding = 4; lastKnownFileType = sourcecode.swift; path = CustomWordsViewController.swift; sourceTree = "<group>"; };
		0B38C6411ECAC7F100C3B140 /* ZxlxViewController.swift */ = {isa = PBXFileReference; fileEncoding = 4; lastKnownFileType = sourcecode.swift; path = ZxlxViewController.swift; sourceTree = "<group>"; };
		0B38C6431ECBE58900C3B140 /* CommentViewController.swift */ = {isa = PBXFileReference; fileEncoding = 4; lastKnownFileType = sourcecode.swift; path = CommentViewController.swift; sourceTree = "<group>"; };
		0B4606331EA14FAA0071FBEA /* INSDataStackContainer.swift */ = {isa = PBXFileReference; fileEncoding = 4; lastKnownFileType = sourcecode.swift; path = INSDataStackContainer.swift; sourceTree = "<group>"; };
		0B4606341EA14FAA0071FBEA /* INSPersistentContainer.swift */ = {isa = PBXFileReference; fileEncoding = 4; lastKnownFileType = sourcecode.swift; path = INSPersistentContainer.swift; sourceTree = "<group>"; };
		0B4606351EA14FAA0071FBEA /* INSPersistentStoreDescription.swift */ = {isa = PBXFileReference; fileEncoding = 4; lastKnownFileType = sourcecode.swift; path = INSPersistentStoreDescription.swift; sourceTree = "<group>"; };
		0B4606361EA14FAA0071FBEA /* NSManagedObjectContext+iOS10Additions.swift */ = {isa = PBXFileReference; fileEncoding = 4; lastKnownFileType = sourcecode.swift; path = "NSManagedObjectContext+iOS10Additions.swift"; sourceTree = "<group>"; };
		0B46063C1EA14FD70071FBEA /* xxword.xcdatamodel */ = {isa = PBXFileReference; lastKnownFileType = wrapper.xcdatamodel; path = xxword.xcdatamodel; sourceTree = "<group>"; };
		0B48CB091EB8A09800A05E65 /* YdWords.swift */ = {isa = PBXFileReference; fileEncoding = 4; lastKnownFileType = sourcecode.swift; path = YdWords.swift; sourceTree = "<group>"; };
		0B4F04B31ECDA543004AEE1F /* ExamResultViewController.swift */ = {isa = PBXFileReference; fileEncoding = 4; lastKnownFileType = sourcecode.swift; path = ExamResultViewController.swift; sourceTree = "<group>"; };
		0B58FB0E1EC3077B006F56AE /* StudySetViewController.swift */ = {isa = PBXFileReference; fileEncoding = 4; lastKnownFileType = sourcecode.swift; path = StudySetViewController.swift; sourceTree = "<group>"; };
		0B6136541E9EA5DB00FF31F2 /* MyProtocol.swift */ = {isa = PBXFileReference; fileEncoding = 4; lastKnownFileType = sourcecode.swift; path = MyProtocol.swift; sourceTree = "<group>"; };
		0B6136561E9F3A2600FF31F2 /* MyResponse.swift */ = {isa = PBXFileReference; fileEncoding = 4; lastKnownFileType = sourcecode.swift; path = MyResponse.swift; sourceTree = "<group>"; };
		0B6136581E9F3F3200FF31F2 /* MypbID.swift */ = {isa = PBXFileReference; fileEncoding = 4; lastKnownFileType = sourcecode.swift; path = MypbID.swift; sourceTree = "<group>"; };
		0B6C8E171E8F6E0D00D76B4E /* xxword.app */ = {isa = PBXFileReference; explicitFileType = wrapper.application; includeInIndex = 0; path = xxword.app; sourceTree = BUILT_PRODUCTS_DIR; };
		0B6C8E1A1E8F6E0D00D76B4E /* AppDelegate.swift */ = {isa = PBXFileReference; lastKnownFileType = sourcecode.swift; path = AppDelegate.swift; sourceTree = "<group>"; };
		0B6C8E1C1E8F6E0D00D76B4E /* ViewController.swift */ = {isa = PBXFileReference; lastKnownFileType = sourcecode.swift; path = ViewController.swift; sourceTree = "<group>"; };
		0B6C8E1F1E8F6E0D00D76B4E /* Base */ = {isa = PBXFileReference; lastKnownFileType = file.storyboard; name = Base; path = Base.lproj/Main.storyboard; sourceTree = "<group>"; };
		0B6C8E211E8F6E0D00D76B4E /* Assets.xcassets */ = {isa = PBXFileReference; lastKnownFileType = folder.assetcatalog; path = Assets.xcassets; sourceTree = "<group>"; };
		0B6C8E241E8F6E0D00D76B4E /* Base */ = {isa = PBXFileReference; lastKnownFileType = file.storyboard; name = Base; path = Base.lproj/LaunchScreen.storyboard; sourceTree = "<group>"; };
		0B6C8E261E8F6E0D00D76B4E /* Info.plist */ = {isa = PBXFileReference; lastKnownFileType = text.plist.xml; path = Info.plist; sourceTree = "<group>"; };
		0B9597031ECC6E0A00CA2916 /* MnksViewController.swift */ = {isa = PBXFileReference; fileEncoding = 4; lastKnownFileType = sourcecode.swift; path = MnksViewController.swift; sourceTree = "<group>"; };
		0B9597051ECC98E800CA2916 /* XxtjViewController.swift */ = {isa = PBXFileReference; fileEncoding = 4; lastKnownFileType = sourcecode.swift; path = XxtjViewController.swift; sourceTree = "<group>"; };
		0B9597071ECCA3B500CA2916 /* WordListViewController.swift */ = {isa = PBXFileReference; fileEncoding = 4; lastKnownFileType = sourcecode.swift; path = WordListViewController.swift; sourceTree = "<group>"; };
		0B9597091ECD2B9A00CA2916 /* KsxzViewController.swift */ = {isa = PBXFileReference; fileEncoding = 4; lastKnownFileType = sourcecode.swift; path = KsxzViewController.swift; sourceTree = "<group>"; };
		0B95970B1ECD52FA00CA2916 /* ExamLogViewController.swift */ = {isa = PBXFileReference; fileEncoding = 4; lastKnownFileType = sourcecode.swift; path = ExamLogViewController.swift; sourceTree = "<group>"; };
		0B95970D1ECD570300CA2916 /* WordExamViewController.swift */ = {isa = PBXFileReference; fileEncoding = 4; lastKnownFileType = sourcecode.swift; path = WordExamViewController.swift; sourceTree = "<group>"; };
		0B95970F1ECD574900CA2916 /* ExamTabBarController.swift */ = {isa = PBXFileReference; fileEncoding = 4; lastKnownFileType = sourcecode.swift; path = ExamTabBarController.swift; sourceTree = "<group>"; };
		0B9597111ECD5C5600CA2916 /* ExamCollectionViewCell.swift */ = {isa = PBXFileReference; fileEncoding = 4; lastKnownFileType = sourcecode.swift; path = ExamCollectionViewCell.swift; sourceTree = "<group>"; };
		0B9597131ECD62C900CA2916 /* ExamWordsViewController.swift */ = {isa = PBXFileReference; fileEncoding = 4; lastKnownFileType = sourcecode.swift; path = ExamWordsViewController.swift; sourceTree = "<group>"; };
		0B9A302F1E9C9E690091D7B0 /* SignUpViewController.swift */ = {isa = PBXFileReference; fileEncoding = 4; lastKnownFileType = sourcecode.swift; path = SignUpViewController.swift; sourceTree = "<group>"; };
		0BA4F0421ED0529D0044680E /* FavorListViewController.swift */ = {isa = PBXFileReference; fileEncoding = 4; lastKnownFileType = sourcecode.swift; path = FavorListViewController.swift; sourceTree = "<group>"; };
		0BCDDF3E1E9CB31D003DEB80 /* xxword-Bridging-Header.h */ = {isa = PBXFileReference; lastKnownFileType = sourcecode.c.h; path = "xxword-Bridging-Header.h"; sourceTree = "<group>"; };
		0BCE0C1E1EAB97770049A01C /* HomeViewController.swift */ = {isa = PBXFileReference; fileEncoding = 4; lastKnownFileType = sourcecode.swift; path = HomeViewController.swift; sourceTree = "<group>"; };
		0BCE0C201EABAF780049A01C /* RootTabBarController.swift */ = {isa = PBXFileReference; fileEncoding = 4; lastKnownFileType = sourcecode.swift; path = RootTabBarController.swift; sourceTree = "<group>"; };
		0BCE0C221EABB22F0049A01C /* ShopViewController.swift */ = {isa = PBXFileReference; fileEncoding = 4; lastKnownFileType = sourcecode.swift; path = ShopViewController.swift; sourceTree = "<group>"; };
		0BCE0C241EABB2AA0049A01C /* FavorViewController.swift */ = {isa = PBXFileReference; fileEncoding = 4; lastKnownFileType = sourcecode.swift; path = FavorViewController.swift; sourceTree = "<group>"; };
		0BCE0C261EACEA1D0049A01C /* MyColor.swift */ = {isa = PBXFileReference; fileEncoding = 4; lastKnownFileType = sourcecode.swift; path = MyColor.swift; sourceTree = "<group>"; };
		0BD0679F1EAE1161000F975F /* SxlxViewController.swift */ = {isa = PBXFileReference; fileEncoding = 4; lastKnownFileType = sourcecode.swift; path = SxlxViewController.swift; sourceTree = "<group>"; };
		0BD067A11EB251A8000F975F /* StudyTabBarController.swift */ = {isa = PBXFileReference; fileEncoding = 4; lastKnownFileType = sourcecode.swift; path = StudyTabBarController.swift; sourceTree = "<group>"; };
		0BD604741E9AA04F001F364B /* LoginViewController.swift */ = {isa = PBXFileReference; fileEncoding = 4; lastKnownFileType = sourcecode.swift; path = LoginViewController.swift; sourceTree = "<group>"; };
		0BD604791E9BA09F001F364B /* BootstrapButton.swift */ = {isa = PBXFileReference; fileEncoding = 4; lastKnownFileType = sourcecode.swift; path = BootstrapButton.swift; sourceTree = "<group>"; };
		0BD909CB1EBC886F007467F0 /* ocword.m */ = {isa = PBXFileReference; fileEncoding = 4; lastKnownFileType = sourcecode.c.objc; path = ocword.m; sourceTree = "<group>"; };
		0BD909CD1EBC8884007467F0 /* ocword.h */ = {isa = PBXFileReference; lastKnownFileType = sourcecode.c.h; path = ocword.h; sourceTree = "<group>"; };
		0BD909D01EBCA4D1007467F0 /* XxCollectionViewCell.swift */ = {isa = PBXFileReference; fileEncoding = 4; lastKnownFileType = sourcecode.swift; path = XxCollectionViewCell.swift; sourceTree = "<group>"; };
		0BD909D21EBCDD98007467F0 /* XxViewController.swift */ = {isa = PBXFileReference; fileEncoding = 4; lastKnownFileType = sourcecode.swift; path = XxViewController.swift; sourceTree = "<group>"; };
		0BD909D41EC048CC007467F0 /* TipsSwift.swift */ = {isa = PBXFileReference; fileEncoding = 4; lastKnownFileType = sourcecode.swift; path = TipsSwift.swift; sourceTree = "<group>"; };
		0BD909D61EC0A835007467F0 /* WordsViewController.swift */ = {isa = PBXFileReference; fileEncoding = 4; lastKnownFileType = sourcecode.swift; path = WordsViewController.swift; sourceTree = "<group>"; };
		0BD909D81EC3005B007467F0 /* ShouCangViewController.swift */ = {isa = PBXFileReference; fileEncoding = 4; lastKnownFileType = sourcecode.swift; path = ShouCangViewController.swift; sourceTree = "<group>"; };
		0BE0E2401ED3D79100FA7F41 /* libUMessage_Sdk_1.5.0a.a */ = {isa = PBXFileReference; lastKnownFileType = archive.ar; path = libUMessage_Sdk_1.5.0a.a; sourceTree = "<group>"; };
		0BE0E2411ED3D79100FA7F41 /* UMessage.h */ = {isa = PBXFileReference; fileEncoding = 4; lastKnownFileType = sourcecode.c.h; path = UMessage.h; sourceTree = "<group>"; };
		0BE0E2431ED403A700FA7F41 /* UserNotifications.framework */ = {isa = PBXFileReference; lastKnownFileType = wrapper.framework; name = UserNotifications.framework; path = System/Library/Frameworks/UserNotifications.framework; sourceTree = SDKROOT; };
		0BF035181ED1610000E1CA45 /* MeViewController.swift */ = {isa = PBXFileReference; fileEncoding = 4; lastKnownFileType = sourcecode.swift; path = MeViewController.swift; sourceTree = "<group>"; };
		0BF0351A1ED1F32700E1CA45 /* ChangeNameViewController.swift */ = {isa = PBXFileReference; fileEncoding = 4; lastKnownFileType = sourcecode.swift; path = ChangeNameViewController.swift; sourceTree = "<group>"; };
		0BF0351C1ED2CD8C00E1CA45 /* xxword.entitlements */ = {isa = PBXFileReference; lastKnownFileType = text.plist.entitlements; path = xxword.entitlements; sourceTree = "<group>"; };
		0BF0351D1ED364C600E1CA45 /* StoreKit.framework */ = {isa = PBXFileReference; lastKnownFileType = wrapper.framework; name = StoreKit.framework; path = System/Library/Frameworks/StoreKit.framework; sourceTree = SDKROOT; };
		228065594F704138570DAF96 /* Pods_xxword.framework */ = {isa = PBXFileReference; explicitFileType = wrapper.framework; includeInIndex = 0; path = Pods_xxword.framework; sourceTree = BUILT_PRODUCTS_DIR; };
		3375C031DF91B6152A20BFD2 /* Pods-xxword.release.xcconfig */ = {isa = PBXFileReference; includeInIndex = 1; lastKnownFileType = text.xcconfig; name = "Pods-xxword.release.xcconfig"; path = "Pods/Target Support Files/Pods-xxword/Pods-xxword.release.xcconfig"; sourceTree = "<group>"; };
		D25065F2A0961C42A9AED138 /* Pods-xxword.debug.xcconfig */ = {isa = PBXFileReference; includeInIndex = 1; lastKnownFileType = text.xcconfig; name = "Pods-xxword.debug.xcconfig"; path = "Pods/Target Support Files/Pods-xxword/Pods-xxword.debug.xcconfig"; sourceTree = "<group>"; };
/* End PBXFileReference section */

/* Begin PBXFrameworksBuildPhase section */
		0B6C8E141E8F6E0D00D76B4E /* Frameworks */ = {
			isa = PBXFrameworksBuildPhase;
			buildActionMask = 2147483647;
			files = (
				0B1866021ED4447300D0EEEA /* Foundation.framework in Frameworks */,
				0BE0E2441ED403A700FA7F41 /* UserNotifications.framework in Frameworks */,
				0BE0E2421ED3D79100FA7F41 /* libUMessage_Sdk_1.5.0a.a in Frameworks */,
				75AF06A683A708C84E55D089 /* Pods_xxword.framework in Frameworks */,
				0BF0351E1ED364C600E1CA45 /* StoreKit.framework in Frameworks */,
			);
			runOnlyForDeploymentPostprocessing = 0;
		};
/* End PBXFrameworksBuildPhase section */

/* Begin PBXGroup section */
		0B4606321EA14FAA0071FBEA /* INSPersistentContainer */ = {
			isa = PBXGroup;
			children = (
				0B4606331EA14FAA0071FBEA /* INSDataStackContainer.swift */,
				0B4606341EA14FAA0071FBEA /* INSPersistentContainer.swift */,
				0B4606351EA14FAA0071FBEA /* INSPersistentStoreDescription.swift */,
				0B4606361EA14FAA0071FBEA /* NSManagedObjectContext+iOS10Additions.swift */,
			);
			path = INSPersistentContainer;
			sourceTree = "<group>";
		};
		0B6C8E0E1E8F6E0D00D76B4E = {
			isa = PBXGroup;
			children = (
				0B6C8E191E8F6E0D00D76B4E /* xxword */,
				0B6C8E181E8F6E0D00D76B4E /* Products */,
				5A3D727E897860820BB029A6 /* Pods */,
				635763797A6F5C26EF275D32 /* Frameworks */,
				0BCDDF3E1E9CB31D003DEB80 /* xxword-Bridging-Header.h */,
			);
			sourceTree = "<group>";
		};
		0B6C8E181E8F6E0D00D76B4E /* Products */ = {
			isa = PBXGroup;
			children = (
				0B6C8E171E8F6E0D00D76B4E /* xxword.app */,
			);
			name = Products;
			sourceTree = "<group>";
		};
		0B6C8E191E8F6E0D00D76B4E /* xxword */ = {
			isa = PBXGroup;
			children = (
				0BE0E23F1ED3D79100FA7F41 /* UMessage_Sdk_1.5.0a */,
				0BF0351C1ED2CD8C00E1CA45 /* xxword.entitlements */,
				0B6136541E9EA5DB00FF31F2 /* MyProtocol.swift */,
				0BCE0C1E1EAB97770049A01C /* HomeViewController.swift */,
				0BCE0C221EABB22F0049A01C /* ShopViewController.swift */,
				0BCE0C241EABB2AA0049A01C /* FavorViewController.swift */,
				0B9A302F1E9C9E690091D7B0 /* SignUpViewController.swift */,
				0BD604741E9AA04F001F364B /* LoginViewController.swift */,
				0BF035181ED1610000E1CA45 /* MeViewController.swift */,
				0BF0351A1ED1F32700E1CA45 /* ChangeNameViewController.swift */,
				0B6C8E1A1E8F6E0D00D76B4E /* AppDelegate.swift */,
				0B6C8E1C1E8F6E0D00D76B4E /* ViewController.swift */,
				0B33ED121ED4981D00002A6A /* RankingViewController.swift */,
				0B6C8E1E1E8F6E0D00D76B4E /* Main.storyboard */,
				0B6C8E231E8F6E0D00D76B4E /* LaunchScreen.storyboard */,
				0B6C8E211E8F6E0D00D76B4E /* Assets.xcassets */,
				0B6C8E261E8F6E0D00D76B4E /* Info.plist */,
				0B6136561E9F3A2600FF31F2 /* MyResponse.swift */,
				0B6136581E9F3F3200FF31F2 /* MypbID.swift */,
				0BD604791E9BA09F001F364B /* BootstrapButton.swift */,
				0BD909D41EC048CC007467F0 /* TipsSwift.swift */,
				0B46063B1EA14FD70071FBEA /* xxword.xcdatamodeld */,
				0B4606321EA14FAA0071FBEA /* INSPersistentContainer */,
				0BCE0C261EACEA1D0049A01C /* MyColor.swift */,
				0B0003771EB60DB100046B3A /* MyWord.swift */,
				0B48CB091EB8A09800A05E65 /* YdWords.swift */,
				0BD909D21EBCDD98007467F0 /* XxViewController.swift */,
				0BD909D01EBCA4D1007467F0 /* XxCollectionViewCell.swift */,
				0BD909D61EC0A835007467F0 /* WordsViewController.swift */,
				0BD909D81EC3005B007467F0 /* ShouCangViewController.swift */,
				0B58FB0E1EC3077B006F56AE /* StudySetViewController.swift */,
				0B38C6351EC4D55F00C3B140 /* PlayLogViewController.swift */,
				0BCE0C201EABAF780049A01C /* RootTabBarController.swift */,
				0BD067A11EB251A8000F975F /* StudyTabBarController.swift */,
				0B2AEE051EBA776700E1A9F1 /* ocr.m */,
				0B2AEE071EBA777500E1A9F1 /* ocr.h */,
				0BD0679F1EAE1161000F975F /* SxlxViewController.swift */,
				0BD909CD1EBC8884007467F0 /* ocword.h */,
				0BD909CB1EBC886F007467F0 /* ocword.m */,
				0B38C6371EC55C4B00C3B140 /* CustomViewController.swift */,
				0B38C6391EC5665700C3B140 /* CustomCollectionViewCell.swift */,
				0B38C63B1EC623C200C3B140 /* CustomTabBarController.swift */,
				0B38C63F1EC6B05700C3B140 /* CustomWordsViewController.swift */,
				0B38C6411ECAC7F100C3B140 /* ZxlxViewController.swift */,
				0B38C6431ECBE58900C3B140 /* CommentViewController.swift */,
				0B9597031ECC6E0A00CA2916 /* MnksViewController.swift */,
				0B9597051ECC98E800CA2916 /* XxtjViewController.swift */,
				0B9597071ECCA3B500CA2916 /* WordListViewController.swift */,
				0B9597091ECD2B9A00CA2916 /* KsxzViewController.swift */,
				0B95970B1ECD52FA00CA2916 /* ExamLogViewController.swift */,
				0B95970D1ECD570300CA2916 /* WordExamViewController.swift */,
				0B95970F1ECD574900CA2916 /* ExamTabBarController.swift */,
				0B9597111ECD5C5600CA2916 /* ExamCollectionViewCell.swift */,
				0B9597131ECD62C900CA2916 /* ExamWordsViewController.swift */,
				0B4F04B31ECDA543004AEE1F /* ExamResultViewController.swift */,
				0BA4F0421ED0529D0044680E /* FavorListViewController.swift */,
			);
			path = xxword;
			sourceTree = "<group>";
		};
		0BE0E23F1ED3D79100FA7F41 /* UMessage_Sdk_1.5.0a */ = {
			isa = PBXGroup;
			children = (
				0BE0E2401ED3D79100FA7F41 /* libUMessage_Sdk_1.5.0a.a */,
				0BE0E2411ED3D79100FA7F41 /* UMessage.h */,
			);
			path = UMessage_Sdk_1.5.0a;
			sourceTree = "<group>";
		};
		5A3D727E897860820BB029A6 /* Pods */ = {
			isa = PBXGroup;
			children = (
				D25065F2A0961C42A9AED138 /* Pods-xxword.debug.xcconfig */,
				3375C031DF91B6152A20BFD2 /* Pods-xxword.release.xcconfig */,
			);
			name = Pods;
			sourceTree = "<group>";
		};
		635763797A6F5C26EF275D32 /* Frameworks */ = {
			isa = PBXGroup;
			children = (
				0B1866091ED444B000D0EEEA /* CoreLocation.framework */,
				0B1866071ED444A500D0EEEA /* SystemConfiguration.framework */,
				0B1866051ED4449500D0EEEA /* libz.tbd */,
				0B1866031ED4447F00D0EEEA /* CoreTelephony.framework */,
				0B1866011ED4447300D0EEEA /* Foundation.framework */,
				0BE0E2431ED403A700FA7F41 /* UserNotifications.framework */,
				0BF0351D1ED364C600E1CA45 /* StoreKit.framework */,
				228065594F704138570DAF96 /* Pods_xxword.framework */,
			);
			name = Frameworks;
			sourceTree = "<group>";
		};
/* End PBXGroup section */

/* Begin PBXNativeTarget section */
		0B6C8E161E8F6E0D00D76B4E /* xxword */ = {
			isa = PBXNativeTarget;
			buildConfigurationList = 0B6C8E291E8F6E0D00D76B4E /* Build configuration list for PBXNativeTarget "xxword" */;
			buildPhases = (
				02A30F4517A0473B773FC4C4 /* [CP] Check Pods Manifest.lock */,
				0B6C8E131E8F6E0D00D76B4E /* Sources */,
				0B6C8E141E8F6E0D00D76B4E /* Frameworks */,
				0B6C8E151E8F6E0D00D76B4E /* Resources */,
				DB561F6D0905C1A3583EB982 /* [CP] Embed Pods Frameworks */,
				B34D75131F15923F20B74246 /* [CP] Copy Pods Resources */,
			);
			buildRules = (
			);
			dependencies = (
			);
			name = xxword;
			productName = xxword;
			productReference = 0B6C8E171E8F6E0D00D76B4E /* xxword.app */;
			productType = "com.apple.product-type.application";
		};
/* End PBXNativeTarget section */

/* Begin PBXProject section */
		0B6C8E0F1E8F6E0D00D76B4E /* Project object */ = {
			isa = PBXProject;
			attributes = {
				LastSwiftUpdateCheck = 0820;
				LastUpgradeCheck = 0820;
				ORGANIZATIONNAME = xigk;
				TargetAttributes = {
					0B6C8E161E8F6E0D00D76B4E = {
						CreatedOnToolsVersion = 8.2.1;
						DevelopmentTeam = ZNVH9D6AWM;
						LastSwiftMigration = 0820;
						ProvisioningStyle = Manual;
						SystemCapabilities = {
							com.apple.InAppPurchase = {
								enabled = 1;
							};
							com.apple.Push = {
								enabled = 1;
							};
						};
					};
				};
			};
			buildConfigurationList = 0B6C8E121E8F6E0D00D76B4E /* Build configuration list for PBXProject "xxword" */;
			compatibilityVersion = "Xcode 3.2";
			developmentRegion = English;
			hasScannedForEncodings = 0;
			knownRegions = (
				en,
				Base,
			);
			mainGroup = 0B6C8E0E1E8F6E0D00D76B4E;
			productRefGroup = 0B6C8E181E8F6E0D00D76B4E /* Products */;
			projectDirPath = "";
			projectRoot = "";
			targets = (
				0B6C8E161E8F6E0D00D76B4E /* xxword */,
			);
		};
/* End PBXProject section */

/* Begin PBXResourcesBuildPhase section */
		0B6C8E151E8F6E0D00D76B4E /* Resources */ = {
			isa = PBXResourcesBuildPhase;
			buildActionMask = 2147483647;
			files = (
				0B6C8E251E8F6E0D00D76B4E /* LaunchScreen.storyboard in Resources */,
				0B6C8E221E8F6E0D00D76B4E /* Assets.xcassets in Resources */,
				0B6C8E201E8F6E0D00D76B4E /* Main.storyboard in Resources */,
			);
			runOnlyForDeploymentPostprocessing = 0;
		};
/* End PBXResourcesBuildPhase section */

/* Begin PBXShellScriptBuildPhase section */
		02A30F4517A0473B773FC4C4 /* [CP] Check Pods Manifest.lock */ = {
			isa = PBXShellScriptBuildPhase;
			buildActionMask = 2147483647;
			files = (
			);
			inputPaths = (
			);
			name = "[CP] Check Pods Manifest.lock";
			outputPaths = (
			);
			runOnlyForDeploymentPostprocessing = 0;
			shellPath = /bin/sh;
			shellScript = "diff \"${PODS_ROOT}/../Podfile.lock\" \"${PODS_ROOT}/Manifest.lock\" > /dev/null\nif [ $? != 0 ] ; then\n    # print error to STDERR\n    echo \"error: The sandbox is not in sync with the Podfile.lock. Run 'pod install' or update your CocoaPods installation.\" >&2\n    exit 1\nfi\n";
			showEnvVarsInLog = 0;
		};
		B34D75131F15923F20B74246 /* [CP] Copy Pods Resources */ = {
			isa = PBXShellScriptBuildPhase;
			buildActionMask = 2147483647;
			files = (
			);
			inputPaths = (
			);
			name = "[CP] Copy Pods Resources";
			outputPaths = (
			);
			runOnlyForDeploymentPostprocessing = 0;
			shellPath = /bin/sh;
			shellScript = "\"${SRCROOT}/Pods/Target Support Files/Pods-xxword/Pods-xxword-resources.sh\"\n";
			showEnvVarsInLog = 0;
		};
		DB561F6D0905C1A3583EB982 /* [CP] Embed Pods Frameworks */ = {
			isa = PBXShellScriptBuildPhase;
			buildActionMask = 2147483647;
			files = (
			);
			inputPaths = (
			);
			name = "[CP] Embed Pods Frameworks";
			outputPaths = (
			);
			runOnlyForDeploymentPostprocessing = 0;
			shellPath = /bin/sh;
			shellScript = "\"${SRCROOT}/Pods/Target Support Files/Pods-xxword/Pods-xxword-frameworks.sh\"\n";
			showEnvVarsInLog = 0;
		};
/* End PBXShellScriptBuildPhase section */

/* Begin PBXSourcesBuildPhase section */
		0B6C8E131E8F6E0D00D76B4E /* Sources */ = {
			isa = PBXSourcesBuildPhase;
			buildActionMask = 2147483647;
			files = (
				0BD909D31EBCDD98007467F0 /* XxViewController.swift in Sources */,
				0B4606391EA14FAA0071FBEA /* INSPersistentStoreDescription.swift in Sources */,
				0B4F04B41ECDA543004AEE1F /* ExamResultViewController.swift in Sources */,
				0BD604751E9AA04F001F364B /* LoginViewController.swift in Sources */,
				0BD909D11EBCA4D1007467F0 /* XxCollectionViewCell.swift in Sources */,
				0B38C6441ECBE58900C3B140 /* CommentViewController.swift in Sources */,
				0B38C6421ECAC7F100C3B140 /* ZxlxViewController.swift in Sources */,
				0BF0351B1ED1F32700E1CA45 /* ChangeNameViewController.swift in Sources */,
				0B6136571E9F3A2600FF31F2 /* MyResponse.swift in Sources */,
				0B58FB0F1EC3077B006F56AE /* StudySetViewController.swift in Sources */,
				0BD909D91EC3005B007467F0 /* ShouCangViewController.swift in Sources */,
				0B6C8E1D1E8F6E0D00D76B4E /* ViewController.swift in Sources */,
				0B95970E1ECD570300CA2916 /* WordExamViewController.swift in Sources */,
				0B9597141ECD62C900CA2916 /* ExamWordsViewController.swift in Sources */,
				0B95970A1ECD2B9A00CA2916 /* KsxzViewController.swift in Sources */,
				0BCE0C231EABB22F0049A01C /* ShopViewController.swift in Sources */,
				0BD6047A1E9BA09F001F364B /* BootstrapButton.swift in Sources */,
				0B38C63A1EC5665700C3B140 /* CustomCollectionViewCell.swift in Sources */,
				0B38C6401EC6B05700C3B140 /* CustomWordsViewController.swift in Sources */,
				0B9597061ECC98E800CA2916 /* XxtjViewController.swift in Sources */,
				0BCE0C1F1EAB97770049A01C /* HomeViewController.swift in Sources */,
				0B38C63C1EC623C200C3B140 /* CustomTabBarController.swift in Sources */,
				0BD067A21EB251A8000F975F /* StudyTabBarController.swift in Sources */,
				0B9597101ECD574900CA2916 /* ExamTabBarController.swift in Sources */,
				0BD067A01EAE1161000F975F /* SxlxViewController.swift in Sources */,
				0BD909CC1EBC886F007467F0 /* ocword.m in Sources */,
				0B0003781EB60DB100046B3A /* MyWord.swift in Sources */,
				0B38C6381EC55C4B00C3B140 /* CustomViewController.swift in Sources */,
				0B9597121ECD5C5600CA2916 /* ExamCollectionViewCell.swift in Sources */,
				0B9597081ECCA3B500CA2916 /* WordListViewController.swift in Sources */,
				0BF035191ED1610000E1CA45 /* MeViewController.swift in Sources */,
				0B6136591E9F3F3200FF31F2 /* MypbID.swift in Sources */,
				0BD909D51EC048CC007467F0 /* TipsSwift.swift in Sources */,
				0BCE0C251EABB2AA0049A01C /* FavorViewController.swift in Sources */,
				0B38C6361EC4D55F00C3B140 /* PlayLogViewController.swift in Sources */,
				0BA4F0431ED0529D0044680E /* FavorListViewController.swift in Sources */,
				0B46063D1EA14FD70071FBEA /* xxword.xcdatamodeld in Sources */,
				0BCE0C211EABAF780049A01C /* RootTabBarController.swift in Sources */,
				0BD909D71EC0A835007467F0 /* WordsViewController.swift in Sources */,
				0BCE0C271EACEA1D0049A01C /* MyColor.swift in Sources */,
				0B9597041ECC6E0A00CA2916 /* MnksViewController.swift in Sources */,
				0B46063A1EA14FAA0071FBEA /* NSManagedObjectContext+iOS10Additions.swift in Sources */,
				0B4606381EA14FAA0071FBEA /* INSPersistentContainer.swift in Sources */,
				0B2AEE061EBA776700E1A9F1 /* ocr.m in Sources */,
				0B33ED131ED4981D00002A6A /* RankingViewController.swift in Sources */,
				0B4606371EA14FAA0071FBEA /* INSDataStackContainer.swift in Sources */,
				0B6136551E9EA5DB00FF31F2 /* MyProtocol.swift in Sources */,
				0B6C8E1B1E8F6E0D00D76B4E /* AppDelegate.swift in Sources */,
				0B48CB0A1EB8A09800A05E65 /* YdWords.swift in Sources */,
				0B95970C1ECD52FA00CA2916 /* ExamLogViewController.swift in Sources */,
				0B9A30301E9C9E690091D7B0 /* SignUpViewController.swift in Sources */,
			);
			runOnlyForDeploymentPostprocessing = 0;
		};
/* End PBXSourcesBuildPhase section */

/* Begin PBXVariantGroup section */
		0B6C8E1E1E8F6E0D00D76B4E /* Main.storyboard */ = {
			isa = PBXVariantGroup;
			children = (
				0B6C8E1F1E8F6E0D00D76B4E /* Base */,
			);
			name = Main.storyboard;
			sourceTree = "<group>";
		};
		0B6C8E231E8F6E0D00D76B4E /* LaunchScreen.storyboard */ = {
			isa = PBXVariantGroup;
			children = (
				0B6C8E241E8F6E0D00D76B4E /* Base */,
			);
			name = LaunchScreen.storyboard;
			sourceTree = "<group>";
		};
/* End PBXVariantGroup section */

/* Begin XCBuildConfiguration section */
		0B6C8E271E8F6E0D00D76B4E /* Debug */ = {
			isa = XCBuildConfiguration;
			buildSettings = {
				ALWAYS_SEARCH_USER_PATHS = NO;
				CLANG_ANALYZER_NONNULL = YES;
				CLANG_CXX_LANGUAGE_STANDARD = "gnu++0x";
				CLANG_CXX_LIBRARY = "libc++";
				CLANG_ENABLE_MODULES = YES;
				CLANG_ENABLE_OBJC_ARC = YES;
				CLANG_WARN_BOOL_CONVERSION = YES;
				CLANG_WARN_CONSTANT_CONVERSION = YES;
				CLANG_WARN_DIRECT_OBJC_ISA_USAGE = YES_ERROR;
				CLANG_WARN_DOCUMENTATION_COMMENTS = YES;
				CLANG_WARN_EMPTY_BODY = YES;
				CLANG_WARN_ENUM_CONVERSION = YES;
				CLANG_WARN_INFINITE_RECURSION = YES;
				CLANG_WARN_INT_CONVERSION = YES;
				CLANG_WARN_OBJC_ROOT_CLASS = YES_ERROR;
				CLANG_WARN_SUSPICIOUS_MOVE = YES;
				CLANG_WARN_UNREACHABLE_CODE = YES;
				CLANG_WARN__DUPLICATE_METHOD_MATCH = YES;
				"CODE_SIGN_IDENTITY[sdk=iphoneos*]" = "iPhone Developer";
				COPY_PHASE_STRIP = NO;
				DEBUG_INFORMATION_FORMAT = dwarf;
				ENABLE_STRICT_OBJC_MSGSEND = YES;
				ENABLE_TESTABILITY = YES;
				GCC_C_LANGUAGE_STANDARD = gnu99;
				GCC_DYNAMIC_NO_PIC = NO;
				GCC_NO_COMMON_BLOCKS = YES;
				GCC_OPTIMIZATION_LEVEL = 0;
				GCC_PREPROCESSOR_DEFINITIONS = (
					"DEBUG=1",
					"$(inherited)",
				);
				GCC_WARN_64_TO_32_BIT_CONVERSION = YES;
				GCC_WARN_ABOUT_RETURN_TYPE = YES_ERROR;
				GCC_WARN_UNDECLARED_SELECTOR = YES;
				GCC_WARN_UNINITIALIZED_AUTOS = YES_AGGRESSIVE;
				GCC_WARN_UNUSED_FUNCTION = YES;
				GCC_WARN_UNUSED_VARIABLE = YES;
				IPHONEOS_DEPLOYMENT_TARGET = 10.2;
				MTL_ENABLE_DEBUG_INFO = YES;
				ONLY_ACTIVE_ARCH = YES;
				SDKROOT = iphoneos;
				SWIFT_ACTIVE_COMPILATION_CONDITIONS = DEBUG;
				SWIFT_OPTIMIZATION_LEVEL = "-Onone";
				TARGETED_DEVICE_FAMILY = "1,2";
			};
			name = Debug;
		};
		0B6C8E281E8F6E0D00D76B4E /* Release */ = {
			isa = XCBuildConfiguration;
			buildSettings = {
				ALWAYS_SEARCH_USER_PATHS = NO;
				CLANG_ANALYZER_NONNULL = YES;
				CLANG_CXX_LANGUAGE_STANDARD = "gnu++0x";
				CLANG_CXX_LIBRARY = "libc++";
				CLANG_ENABLE_MODULES = YES;
				CLANG_ENABLE_OBJC_ARC = YES;
				CLANG_WARN_BOOL_CONVERSION = YES;
				CLANG_WARN_CONSTANT_CONVERSION = YES;
				CLANG_WARN_DIRECT_OBJC_ISA_USAGE = YES_ERROR;
				CLANG_WARN_DOCUMENTATION_COMMENTS = YES;
				CLANG_WARN_EMPTY_BODY = YES;
				CLANG_WARN_ENUM_CONVERSION = YES;
				CLANG_WARN_INFINITE_RECURSION = YES;
				CLANG_WARN_INT_CONVERSION = YES;
				CLANG_WARN_OBJC_ROOT_CLASS = YES_ERROR;
				CLANG_WARN_SUSPICIOUS_MOVE = YES;
				CLANG_WARN_UNREACHABLE_CODE = YES;
				CLANG_WARN__DUPLICATE_METHOD_MATCH = YES;
				"CODE_SIGN_IDENTITY[sdk=iphoneos*]" = "iPhone Developer";
				COPY_PHASE_STRIP = NO;
				DEBUG_INFORMATION_FORMAT = "dwarf-with-dsym";
				ENABLE_NS_ASSERTIONS = NO;
				ENABLE_STRICT_OBJC_MSGSEND = YES;
				GCC_C_LANGUAGE_STANDARD = gnu99;
				GCC_NO_COMMON_BLOCKS = YES;
				GCC_WARN_64_TO_32_BIT_CONVERSION = YES;
				GCC_WARN_ABOUT_RETURN_TYPE = YES_ERROR;
				GCC_WARN_UNDECLARED_SELECTOR = YES;
				GCC_WARN_UNINITIALIZED_AUTOS = YES_AGGRESSIVE;
				GCC_WARN_UNUSED_FUNCTION = YES;
				GCC_WARN_UNUSED_VARIABLE = YES;
				IPHONEOS_DEPLOYMENT_TARGET = 10.2;
				MTL_ENABLE_DEBUG_INFO = NO;
				SDKROOT = iphoneos;
				SWIFT_OPTIMIZATION_LEVEL = "-Owholemodule";
				TARGETED_DEVICE_FAMILY = "1,2";
				VALIDATE_PRODUCT = YES;
			};
			name = Release;
		};
		0B6C8E2A1E8F6E0D00D76B4E /* Debug */ = {
			isa = XCBuildConfiguration;
			baseConfigurationReference = D25065F2A0961C42A9AED138 /* Pods-xxword.debug.xcconfig */;
			buildSettings = {
				ASSETCATALOG_COMPILER_APPICON_NAME = AppIcon;
				CLANG_ENABLE_MODULES = YES;
				CODE_SIGN_ENTITLEMENTS = xxword/xxword.entitlements;
				"CODE_SIGN_IDENTITY[sdk=iphoneos*]" = "iPhone Developer";
				DEVELOPMENT_TEAM = ZNVH9D6AWM;
				FRAMEWORK_SEARCH_PATHS = (
					"$(inherited)",
					"$(PROJECT_DIR)/xxword/Framework",
					"$(PROJECT_DIR)/xxword/Lottie",
				);
				INFOPLIST_FILE = xxword/Info.plist;
				IPHONEOS_DEPLOYMENT_TARGET = 8.0;
				LD_RUNPATH_SEARCH_PATHS = "$(inherited) @executable_path/Frameworks";
				LIBRARY_SEARCH_PATHS = (
					"$(inherited)",
					"$(PROJECT_DIR)/xxword/UMessage_Sdk_1.5.0a",
				);
				PRODUCT_BUNDLE_IDENTIFIER = com.xigk.xxword;
				PRODUCT_NAME = "$(TARGET_NAME)";
				PROVISIONING_PROFILE = "";
				PROVISIONING_PROFILE_SPECIFIER = xxword_dev;
				SWIFT_OBJC_BRIDGING_HEADER = "xxword-Bridging-Header.h";
				SWIFT_OPTIMIZATION_LEVEL = "-Onone";
				SWIFT_VERSION = 3.0;
			};
			name = Debug;
		};
		0B6C8E2B1E8F6E0D00D76B4E /* Release */ = {
			isa = XCBuildConfiguration;
			baseConfigurationReference = 3375C031DF91B6152A20BFD2 /* Pods-xxword.release.xcconfig */;
			buildSettings = {
				ASSETCATALOG_COMPILER_APPICON_NAME = AppIcon;
				CLANG_ENABLE_MODULES = YES;
				CODE_SIGN_ENTITLEMENTS = xxword/xxword.entitlements;
				"CODE_SIGN_IDENTITY[sdk=iphoneos*]" = "iPhone Distribution";
				DEVELOPMENT_TEAM = ZNVH9D6AWM;
				FRAMEWORK_SEARCH_PATHS = (
					"$(inherited)",
					"$(PROJECT_DIR)/xxword/Framework",
					"$(PROJECT_DIR)/xxword/Lottie",
				);
				INFOPLIST_FILE = xxword/Info.plist;
				IPHONEOS_DEPLOYMENT_TARGET = 8.0;
				LD_RUNPATH_SEARCH_PATHS = "$(inherited) @executable_path/Frameworks";
				LIBRARY_SEARCH_PATHS = (
					"$(inherited)",
					"$(PROJECT_DIR)/xxword/UMessage_Sdk_1.5.0a",
				);
				PRODUCT_BUNDLE_IDENTIFIER = com.xigk.xxword;
				PRODUCT_NAME = "$(TARGET_NAME)";
				PROVISIONING_PROFILE = "";
				PROVISIONING_PROFILE_SPECIFIER = xxword_AppStore;
				SWIFT_OBJC_BRIDGING_HEADER = "xxword-Bridging-Header.h";
				SWIFT_VERSION = 3.0;
			};
			name = Release;
		};
/* End XCBuildConfiguration section */

/* Begin XCConfigurationList section */
		0B6C8E121E8F6E0D00D76B4E /* Build configuration list for PBXProject "xxword" */ = {
			isa = XCConfigurationList;
			buildConfigurations = (
				0B6C8E271E8F6E0D00D76B4E /* Debug */,
				0B6C8E281E8F6E0D00D76B4E /* Release */,
			);
			defaultConfigurationIsVisible = 0;
			defaultConfigurationName = Release;
		};
		0B6C8E291E8F6E0D00D76B4E /* Build configuration list for PBXNativeTarget "xxword" */ = {
			isa = XCConfigurationList;
			buildConfigurations = (
				0B6C8E2A1E8F6E0D00D76B4E /* Debug */,
				0B6C8E2B1E8F6E0D00D76B4E /* Release */,
			);
			defaultConfigurationIsVisible = 0;
			defaultConfigurationName = Release;
		};
/* End XCConfigurationList section */

/* Begin XCVersionGroup section */
		0B46063B1EA14FD70071FBEA /* xxword.xcdatamodeld */ = {
			isa = XCVersionGroup;
			children = (
				0B46063C1EA14FD70071FBEA /* xxword.xcdatamodel */,
			);
			currentVersion = 0B46063C1EA14FD70071FBEA /* xxword.xcdatamodel */;
			path = xxword.xcdatamodeld;
			sourceTree = "<group>";
			versionGroupType = wrapper.xcdatamodel;
		};
/* End XCVersionGroup section */
	};
	rootObject = 0B6C8E0F1E8F6E0D00D76B4E /* Project object */;
}
